
Microsoft Visual Studio Solution File, Format Version 12.00
# Visual Studio Version 16
VisualStudioVersion = 16.0.32602.291
MinimumVisualStudioVersion = 10.0.40219.1
Project("{9A19103F-16F7-4668-BE54-9A1E7A4F7556}") = "ClothingShopWeb.Admin", "ClothingShopWeb.Admin.csproj", "{BF1E2020-FBE7-4F44-A3EA-CD84B1B8F23E}"
EndProject
Project("{9A19103F-16F7-4668-BE54-9A1E7A4F7556}") = "ClothingShopApi", "..\ClothingShopApi\ClothingShopApi.csproj", "{B530214C-74CA-4C1C-8871-3CD0B66B1E46}"
EndProject
Project("{9A19103F-16F7-4668-BE54-9A1E7A4F7556}") = "ClothingShopWeb.Services", "..\ClothingShopWeb.Services\ClothingShopWeb.Services.csproj", "{56B72D61-3703-41E5-B536-C3F590B5F9AF}"
EndProject
Project("{9A19103F-16F7-4668-BE54-9A1E7A4F7556}") = "ClothingShopWeb.Data", "..\ClothingShopWeb.Data\ClothingShopWeb.Data.csproj", "{BF96DB3E-18D5-4DDB-9ADA-648474CC6609}"
EndProject
Global
	GlobalSection(SolutionConfigurationPlatforms) = preSolution
		Debug|Any CPU = Debug|Any CPU
		Release|Any CPU = Release|Any CPU
	EndGlobalSection
	GlobalSection(ProjectConfigurationPlatforms) = postSolution
		{BF1E2020-FBE7-4F44-A3EA-CD84B1B8F23E}.Debug|Any CPU.ActiveCfg = Debug|Any CPU
		{BF1E2020-FBE7-4F44-A3EA-CD84B1B8F23E}.Debug|Any CPU.Build.0 = Debug|Any CPU
		{BF1E2020-FBE7-4F44-A3EA-CD84B1B8F23E}.Release|Any CPU.ActiveCfg = Release|Any CPU
		{BF1E2020-FBE7-4F44-A3EA-CD84B1B8F23E}.Release|Any CPU.Build.0 = Release|Any CPU
		{B530214C-74CA-4C1C-8871-3CD0B66B1E46}.Debug|Any CPU.ActiveCfg = Debug|Any CPU
		{B530214C-74CA-4C1C-8871-3CD0B66B1E46}.Debug|Any CPU.Build.0 = Debug|Any CPU
		{B530214C-74CA-4C1C-8871-3CD0B66B1E46}.Release|Any CPU.ActiveCfg = Release|Any CPU
		{B530214C-74CA-4C1C-8871-3CD0B66B1E46}.Release|Any CPU.Build.0 = Release|Any CPU
		{56B72D61-3703-41E5-B536-C3F590B5F9AF}.Debug|Any CPU.ActiveCfg = Debug|Any CPU
		{56B72D61-3703-41E5-B536-C3F590B5F9AF}.Debug|Any CPU.Build.0 = Debug|Any CPU
		{56B72D61-3703-41E5-B536-C3F590B5F9AF}.Release|Any CPU.ActiveCfg = Release|Any CPU
		{56B72D61-3703-41E5-B536-C3F590B5F9AF}.Release|Any CPU.Build.0 = Release|Any CPU
		{BF96DB3E-18D5-4DDB-9ADA-648474CC6609}.Debug|Any CPU.ActiveCfg = Debug|Any CPU
		{BF96DB3E-18D5-4DDB-9ADA-648474CC6609}.Debug|Any CPU.Build.0 = Debug|Any CPU
		{BF96DB3E-18D5-4DDB-9ADA-648474CC6609}.Release|Any CPU.ActiveCfg = Release|Any CPU
		{BF96DB3E-18D5-4DDB-9ADA-648474CC6609}.Release|Any CPU.Build.0 = Release|Any CPU
	EndGlobalSection
	GlobalSection(SolutionProperties) = preSolution
		HideSolutionNode = FALSE
	EndGlobalSection
	GlobalSection(ExtensibilityGlobals) = postSolution
		SolutionGuid = {5B93C4C1-70D2-402A-AC8F-78AE8EB36DA7}
	EndGlobalSection
EndGlobal
